
Microsoft Visual Studio Solution File, Format Version 12.00
# Visual Studio 14
VisualStudioVersion = 14.0.25420.1
MinimumVisualStudioVersion = 10.0.40219.1
Project("{FAE04EC0-301F-11D3-BF4B-00C04F79EFBC}") = "ACMBL", "ACMBL\ACMBL.csproj", "{E716C9C1-9240-4D3A-A99F-A17CCF23A4C0}"
EndProject
Project("{2150E333-8FDC-42A3-9474-1A3956D46DE8}") = "Tests", "Tests", "{B4106E9F-B518-4608-A13F-7A9BFB9DBD74}"
EndProject
Project("{FAE04EC0-301F-11D3-BF4B-00C04F79EFBC}") = "ACM.BLTEST", "ACM.BLTEST\ACM.BLTEST.csproj", "{7D45A61A-04D2-42C4-A8FE-713B8F6C2CF4}"
EndProject
Project("{FAE04EC0-301F-11D3-BF4B-00C04F79EFBC}") = "ACME.Common", "ACME.Common\ACME.Common.csproj", "{03182E4F-5357-40F6-9103-BD833DDAE65E}"
EndProject
Project("{FAE04EC0-301F-11D3-BF4B-00C04F79EFBC}") = "ACME.CommonTest", "ACME.CommonTest\ACME.CommonTest.csproj", "{737D812A-0399-4F7E-A3BD-32ED8FFF51E4}"
EndProject
Global
	GlobalSection(SolutionConfigurationPlatforms) = preSolution
		Debug|Any CPU = Debug|Any CPU
		Release|Any CPU = Release|Any CPU
	EndGlobalSection
	GlobalSection(ProjectConfigurationPlatforms) = postSolution
		{E716C9C1-9240-4D3A-A99F-A17CCF23A4C0}.Debug|Any CPU.ActiveCfg = Debug|Any CPU
		{E716C9C1-9240-4D3A-A99F-A17CCF23A4C0}.Debug|Any CPU.Build.0 = Debug|Any CPU
		{E716C9C1-9240-4D3A-A99F-A17CCF23A4C0}.Release|Any CPU.ActiveCfg = Release|Any CPU
		{E716C9C1-9240-4D3A-A99F-A17CCF23A4C0}.Release|Any CPU.Build.0 = Release|Any CPU
		{7D45A61A-04D2-42C4-A8FE-713B8F6C2CF4}.Debug|Any CPU.ActiveCfg = Debug|Any CPU
		{7D45A61A-04D2-42C4-A8FE-713B8F6C2CF4}.Debug|Any CPU.Build.0 = Debug|Any CPU
		{7D45A61A-04D2-42C4-A8FE-713B8F6C2CF4}.Release|Any CPU.ActiveCfg = Release|Any CPU
		{7D45A61A-04D2-42C4-A8FE-713B8F6C2CF4}.Release|Any CPU.Build.0 = Release|Any CPU
		{03182E4F-5357-40F6-9103-BD833DDAE65E}.Debug|Any CPU.ActiveCfg = Debug|Any CPU
		{03182E4F-5357-40F6-9103-BD833DDAE65E}.Debug|Any CPU.Build.0 = Debug|Any CPU
		{03182E4F-5357-40F6-9103-BD833DDAE65E}.Release|Any CPU.ActiveCfg = Release|Any CPU
		{03182E4F-5357-40F6-9103-BD833DDAE65E}.Release|Any CPU.Build.0 = Release|Any CPU
		{737D812A-0399-4F7E-A3BD-32ED8FFF51E4}.Debug|Any CPU.ActiveCfg = Debug|Any CPU
		{737D812A-0399-4F7E-A3BD-32ED8FFF51E4}.Debug|Any CPU.Build.0 = Debug|Any CPU
		{737D812A-0399-4F7E-A3BD-32ED8FFF51E4}.Release|Any CPU.ActiveCfg = Release|Any CPU
		{737D812A-0399-4F7E-A3BD-32ED8FFF51E4}.Release|Any CPU.Build.0 = Release|Any CPU
	EndGlobalSection
	GlobalSection(SolutionProperties) = preSolution
		HideSolutionNode = FALSE
	EndGlobalSection
	GlobalSection(NestedProjects) = preSolution
		{7D45A61A-04D2-42C4-A8FE-713B8F6C2CF4} = {B4106E9F-B518-4608-A13F-7A9BFB9DBD74}
		{737D812A-0399-4F7E-A3BD-32ED8FFF51E4} = {B4106E9F-B518-4608-A13F-7A9BFB9DBD74}
	EndGlobalSection
EndGlobal
